
Microsoft Visual Studio Solution File, Format Version 12.00
# Visual Studio Version 16
VisualStudioVersion = 16.0.29911.84
MinimumVisualStudioVersion = 10.0.40219.1
Project("{8BC9CEB8-8B4A-11D0-8D11-00A0C91BC942}") = "ch7 - 반복문", "ch7 - 반복문.vcxproj", "{6531242A-3769-4203-B6AD-45E9CBAB2D65}"
EndProject
Global
	GlobalSection(SolutionConfigurationPlatforms) = preSolution
		Debug|x64 = Debug|x64
		Debug|x86 = Debug|x86
		Release|x64 = Release|x64
		Release|x86 = Release|x86
	EndGlobalSection
	GlobalSection(ProjectConfigurationPlatforms) = postSolution
		{6531242A-3769-4203-B6AD-45E9CBAB2D65}.Debug|x64.ActiveCfg = Debug|x64
		{6531242A-3769-4203-B6AD-45E9CBAB2D65}.Debug|x64.Build.0 = Debug|x64
		{6531242A-3769-4203-B6AD-45E9CBAB2D65}.Debug|x86.ActiveCfg = Debug|Win32
		{6531242A-3769-4203-B6AD-45E9CBAB2D65}.Debug|x86.Build.0 = Debug|Win32
		{6531242A-3769-4203-B6AD-45E9CBAB2D65}.Release|x64.ActiveCfg = Release|x64
		{6531242A-3769-4203-B6AD-45E9CBAB2D65}.Release|x64.Build.0 = Release|x64
		{6531242A-3769-4203-B6AD-45E9CBAB2D65}.Release|x86.ActiveCfg = Release|Win32
		{6531242A-3769-4203-B6AD-45E9CBAB2D65}.Release|x86.Build.0 = Release|Win32
	EndGlobalSection
	GlobalSection(SolutionProperties) = preSolution
		HideSolutionNode = FALSE
	EndGlobalSection
	GlobalSection(ExtensibilityGlobals) = postSolution
		SolutionGuid = {BD75993A-C868-4839-8250-32D4E74E7A92}
	EndGlobalSection
EndGlobal
